
Microsoft Visual Studio Solution File, Format Version 12.00
# Visual Studio Version 17
VisualStudioVersion = 17.9.34714.143
MinimumVisualStudioVersion = 10.0.40219.1
Project("{9A19103F-16F7-4668-BE54-9A1E7A4F7556}") = "ProductManagementWebMVC", "ProductManagementWebMVC\ProductManagementWebMVC.csproj", "{46F31293-2933-483C-B495-D7AD0BBC9A3E}"
EndProject
Project("{FAE04EC0-301F-11D3-BF4B-00C04F79EFBC}") = "ProductManagementTests", "ProductManagementTests\ProductManagementTests.csproj", "{224E7D4B-F73E-4F0A-BF86-65322964F03E}"
EndProject
Global
	GlobalSection(SolutionConfigurationPlatforms) = preSolution
		Debug|Any CPU = Debug|Any CPU
		Release|Any CPU = Release|Any CPU
	EndGlobalSection
	GlobalSection(ProjectConfigurationPlatforms) = postSolution
		{46F31293-2933-483C-B495-D7AD0BBC9A3E}.Debug|Any CPU.ActiveCfg = Debug|Any CPU
		{46F31293-2933-483C-B495-D7AD0BBC9A3E}.Debug|Any CPU.Build.0 = Debug|Any CPU
		{46F31293-2933-483C-B495-D7AD0BBC9A3E}.Release|Any CPU.ActiveCfg = Release|Any CPU
		{46F31293-2933-483C-B495-D7AD0BBC9A3E}.Release|Any CPU.Build.0 = Release|Any CPU
		{224E7D4B-F73E-4F0A-BF86-65322964F03E}.Debug|Any CPU.ActiveCfg = Debug|Any CPU
		{224E7D4B-F73E-4F0A-BF86-65322964F03E}.Debug|Any CPU.Build.0 = Debug|Any CPU
		{224E7D4B-F73E-4F0A-BF86-65322964F03E}.Release|Any CPU.ActiveCfg = Release|Any CPU
		{224E7D4B-F73E-4F0A-BF86-65322964F03E}.Release|Any CPU.Build.0 = Release|Any CPU
	EndGlobalSection
	GlobalSection(SolutionProperties) = preSolution
		HideSolutionNode = FALSE
	EndGlobalSection
	GlobalSection(ExtensibilityGlobals) = postSolution
		SolutionGuid = {5A3295EA-D121-40C0-A42F-A17F564B45F6}
	EndGlobalSection
EndGlobal
